
Microsoft Visual Studio Solution File, Format Version 12.00
# Visual Studio Version 17
VisualStudioVersion = 17.2.32505.173
MinimumVisualStudioVersion = 10.0.40219.1
Project("{9A19103F-16F7-4668-BE54-9A1E7A4F7556}") = "ClinicalEventSender", "ClinicalEventSender.csproj", "{C3D9BAF8-D284-475E-98E8-8D736B55156B}"
EndProject
Project("{2150E333-8FDC-42A3-9474-1A3956D46DE8}") = "Solution Items", "Solution Items", "{333ED600-8644-46ED-8042-1FF2CEDE8A33}"
	ProjectSection(SolutionItems) = preProject
		App.config = App.config
	EndProjectSection
EndProject
Global
	GlobalSection(SolutionConfigurationPlatforms) = preSolution
		Debug|Any CPU = Debug|Any CPU
		Release|Any CPU = Release|Any CPU
	EndGlobalSection
	GlobalSection(ProjectConfigurationPlatforms) = postSolution
		{C3D9BAF8-D284-475E-98E8-8D736B55156B}.Debug|Any CPU.ActiveCfg = Debug|Any CPU
		{C3D9BAF8-D284-475E-98E8-8D736B55156B}.Debug|Any CPU.Build.0 = Debug|Any CPU
		{C3D9BAF8-D284-475E-98E8-8D736B55156B}.Release|Any CPU.ActiveCfg = Release|Any CPU
		{C3D9BAF8-D284-475E-98E8-8D736B55156B}.Release|Any CPU.Build.0 = Release|Any CPU
	EndGlobalSection
	GlobalSection(SolutionProperties) = preSolution
		HideSolutionNode = FALSE
	EndGlobalSection
	GlobalSection(ExtensibilityGlobals) = postSolution
		SolutionGuid = {7DAEDDB3-19EB-4DD7-9499-56E1F06FBB21}
	EndGlobalSection
EndGlobal
